
Microsoft Visual Studio Solution File, Format Version 12.00
# Visual Studio Version 17
VisualStudioVersion = 17.2.32616.157
MinimumVisualStudioVersion = 10.0.40219.1
Project("{9A19103F-16F7-4668-BE54-9A1E7A4F7556}") = "RequestReply", "RequestReply\RequestReply.csproj", "{A0F08FDC-E1F8-453F-AF55-0E80D44F747E}"
EndProject
Global
	GlobalSection(SolutionConfigurationPlatforms) = preSolution
		Debug|Any CPU = Debug|Any CPU
		Release|Any CPU = Release|Any CPU
	EndGlobalSection
	GlobalSection(ProjectConfigurationPlatforms) = postSolution
		{A0F08FDC-E1F8-453F-AF55-0E80D44F747E}.Debug|Any CPU.ActiveCfg = Debug|Any CPU
		{A0F08FDC-E1F8-453F-AF55-0E80D44F747E}.Debug|Any CPU.Build.0 = Debug|Any CPU
		{A0F08FDC-E1F8-453F-AF55-0E80D44F747E}.Release|Any CPU.ActiveCfg = Release|Any CPU
		{A0F08FDC-E1F8-453F-AF55-0E80D44F747E}.Release|Any CPU.Build.0 = Release|Any CPU
	EndGlobalSection
	GlobalSection(SolutionProperties) = preSolution
		HideSolutionNode = FALSE
	EndGlobalSection
	GlobalSection(ExtensibilityGlobals) = postSolution
		SolutionGuid = {33F9A4F4-FE75-4AA5-ACCB-77A72571B184}
	EndGlobalSection
EndGlobal
